PODS:
  - FBAEMKit (14.1.0):
    - FBSDKCoreKit_Basics (= 14.1.0)
  - FBSDKCoreKit (14.1.0):
    - FBAEMKit (= 14.1.0)
    - FBSDKCoreKit_Basics (= 14.1.0)
  - FBSDKCoreKit_Basics (14.1.0)
  - FBSDKShareKit (14.1.0):
    - FBSDKCoreKit (= 14.1.0)
  - Flutter (1.0.0)
  - md_insta_fb_share (0.0.1):
    - FBSDKCoreKit (~> 14.1.0)
    - FBSDKShareKit
    - Flutter
  - path_provider (0.0.1):
    - Flutter

DEPENDENCIES:
  - Flutter (from `Flutter`)
  - md_insta_fb_share (from `.symlinks/plugins/md_insta_fb_share/ios`)
  - path_provider (from `.symlinks/plugins/path_provider/ios`)

SPEC REPOS:
  trunk:
    - FBAEMKit
    - FBSDKCoreKit
    - FBSDKCoreKit_Basics
    - FBSDKShareKit

EXTERNAL SOURCES:
  Flutter:
    :path: Flutter
  md_insta_fb_share:
    :path: ".symlinks/plugins/md_insta_fb_share/ios"
  path_provider:
    :path: ".symlinks/plugins/path_provider/ios"

SPEC CHECKSUMS:
  FBAEMKit: a899515e45476027f73aef377b5cffadcd56ca3a
  FBSDKCoreKit: 24f8bc8d3b5b2a8c5c656a1329492a12e8efa792
  FBSDKCoreKit_Basics: 6e578c9bdc7aa1365dbbbde633c9ebb536bcaa98
  FBSDKShareKit: b9c1cd1fa6a320a50f0f353cf30d589049c8db77
  Flutter: f04841e97a9d0b0a8025694d0796dd46242b2854
  md_insta_fb_share: beceeee3fcc9f54bf66e29235d9dd0e95ca53e8f
  path_provider: d1e9807085df1f9cc9318206cd649dc0b76be3de

PODFILE CHECKSUM: 9caf6eb3514c7fe93a0a8f3e994f232d57c3ee02

COCOAPODS: 1.11.3
